
Microsoft Visual Studio Solution File, Format Version 12.00
# Visual Studio Version 17
VisualStudioVersion = 17.4.33205.214
MinimumVisualStudioVersion = 10.0.40219.1
Project("{FAE04EC0-301F-11D3-BF4B-00C04F79EFBC}") = "employee", "employee.csproj", "{D9719E76-5BE0-4B47-BD3D-40EC903E9387}"
EndProject
Global
	GlobalSection(SolutionConfigurationPlatforms) = preSolution
		Debug|Any CPU = Debug|Any CPU
		Release|Any CPU = Release|Any CPU
	EndGlobalSection
	GlobalSection(ProjectConfigurationPlatforms) = postSolution
		{D9719E76-5BE0-4B47-BD3D-40EC903E9387}.Debug|Any CPU.ActiveCfg = Debug|Any CPU
		{D9719E76-5BE0-4B47-BD3D-40EC903E9387}.Debug|Any CPU.Build.0 = Debug|Any CPU
		{D9719E76-5BE0-4B47-BD3D-40EC903E9387}.Release|Any CPU.ActiveCfg = Release|Any CPU
		{D9719E76-5BE0-4B47-BD3D-40EC903E9387}.Release|Any CPU.Build.0 = Release|Any CPU
	EndGlobalSection
	GlobalSection(SolutionProperties) = preSolution
		HideSolutionNode = FALSE
	EndGlobalSection
	GlobalSection(ExtensibilityGlobals) = postSolution
		SolutionGuid = {F9EE8D9E-1360-48B9-992A-F03EE023620B}
	EndGlobalSection
EndGlobal
